{
  "name": "baize",
  "version": "0.0.1",
  "lockfileVersion": 3,
  "requires": true,
  "packages": {
    "": {
      "name": "baize",
      "version": "0.0.1",
      "license": "MIT",
      "bin": {
        "baize": "src/cli.js"
      },
      "engines": {
        "node": ">=20"
      }
    }
  }
}
