{
  "name": "baize",
  "version": "0.0.1",
  "lockfileVersion": 3,
  "requires": true,
  "packages": {
    "": {
      "name": "baize",
      "version": "0.0.1",
      "license": "MIT",
      "dependencies": {
        "codebase-memory-mcp": "0.10.8"
      },
      "bin": {
        "baize": "src/cli.js"
      },
      "engines": {
        "node": ">=20"
      }
    },
    "node_modules/codebase-memory-mcp": {
      "version": "0.10.8",
      "resolved": "https://registry.npmjs.org/codebase-memory-mcp/-/codebase-memory-mcp-0.10.8.tgz",
      "integrity": "sha512-a1u0JEmev0BzQ/br3PSaD6Qxfomi7j+okGvNw9Jwx0/goF2lhFO1fitka+3nP73WUj+yIfrPGw1yOfB0wUTmAw==",
      "cpu": [
        "x64",
        "arm64"
      ],
      "hasInstallScript": true,
      "license": "MIT",
      "os": [
        "linux",
        "darwin",
        "win32"
      ],
      "bin": {
        "codebase-memory-mcp": "bin.js"
      },
      "engines": {
        "node": ">=18"
      }
    }
  }
}
